
Microsoft Visual Studio Solution File, Format Version 12.00
# Visual Studio Version 17
VisualStudioVersion = 17.6.33815.320
MinimumVisualStudioVersion = 10.0.40219.1
Project("{FAE04EC0-301F-11D3-BF4B-00C04F79EFBC}") = "SkillFactory-Module-15", "SkillFactory-Module-15\SkillFactory-Module-15.csproj", "{120E94A2-8AA6-4DFB-9F2C-56E317E41839}"
EndProject
Global
	GlobalSection(SolutionConfigurationPlatforms) = preSolution
		Debug|Any CPU = Debug|Any CPU
		Release|Any CPU = Release|Any CPU
	EndGlobalSection
	GlobalSection(ProjectConfigurationPlatforms) = postSolution
		{120E94A2-8AA6-4DFB-9F2C-56E317E41839}.Debug|Any CPU.ActiveCfg = Debug|Any CPU
		{120E94A2-8AA6-4DFB-9F2C-56E317E41839}.Debug|Any CPU.Build.0 = Debug|Any CPU
		{120E94A2-8AA6-4DFB-9F2C-56E317E41839}.Release|Any CPU.ActiveCfg = Release|Any CPU
		{120E94A2-8AA6-4DFB-9F2C-56E317E41839}.Release|Any CPU.Build.0 = Release|Any CPU
	EndGlobalSection
	GlobalSection(SolutionProperties) = preSolution
		HideSolutionNode = FALSE
	EndGlobalSection
	GlobalSection(ExtensibilityGlobals) = postSolution
		SolutionGuid = {15F60B5A-D0E6-4182-AB55-4E0E447C60C3}
	EndGlobalSection
EndGlobal
